
Microsoft Visual Studio Solution File, Format Version 12.00
# Visual Studio Version 17
VisualStudioVersion = 17.11.35327.3
MinimumVisualStudioVersion = 10.0.40219.1
Project("{FAE04EC0-301F-11D3-BF4B-00C04F79EFBC}") = "Lab3", "Lab3\Lab3.csproj", "{45A80295-A7E4-4E9D-AD53-1F1FEE7D89B8}"
EndProject
Global
	GlobalSection(SolutionConfigurationPlatforms) = preSolution
		Debug|Any CPU = Debug|Any CPU
		Release|Any CPU = Release|Any CPU
	EndGlobalSection
	GlobalSection(ProjectConfigurationPlatforms) = postSolution
		{45A80295-A7E4-4E9D-AD53-1F1FEE7D89B8}.Debug|Any CPU.ActiveCfg = Debug|Any CPU
		{45A80295-A7E4-4E9D-AD53-1F1FEE7D89B8}.Debug|Any CPU.Build.0 = Debug|Any CPU
		{45A80295-A7E4-4E9D-AD53-1F1FEE7D89B8}.Release|Any CPU.ActiveCfg = Release|Any CPU
		{45A80295-A7E4-4E9D-AD53-1F1FEE7D89B8}.Release|Any CPU.Build.0 = Release|Any CPU
	EndGlobalSection
	GlobalSection(SolutionProperties) = preSolution
		HideSolutionNode = FALSE
	EndGlobalSection
	GlobalSection(ExtensibilityGlobals) = postSolution
		SolutionGuid = {4B2AB035-E059-43B7-98A7-FD34FC632BC8}
	EndGlobalSection
EndGlobal
